
Microsoft Visual Studio Solution File, Format Version 12.00
# Visual Studio 15
VisualStudioVersion = 15.0.28010.2026
MinimumVisualStudioVersion = 10.0.40219.1
Project("{E24C65DC-7377-472B-9ABA-BC803B73C61A}") = "ab-MultiAttributeColor", "ab-MultiAttributeColor\", "{C1E0CA19-AFC8-4203-B0FE-9507AB9A916D}"
	ProjectSection(WebsiteProperties) = preProject
		TargetFrameworkMoniker = ".NETFramework,Version%3Dv4.6.1"
		Debug.AspNetCompiler.VirtualPath = "/localhost_31929"
		Debug.AspNetCompiler.PhysicalPath = "ab-MultiAttributeColor\"
		Debug.AspNetCompiler.TargetPath = "PrecompiledWeb\localhost_31929\"
		Debug.AspNetCompiler.Updateable = "true"
		Debug.AspNetCompiler.ForceOverwrite = "true"
		Debug.AspNetCompiler.FixedNames = "false"
		Debug.AspNetCompiler.Debug = "True"
		Release.AspNetCompiler.VirtualPath = "/localhost_31929"
		Release.AspNetCompiler.PhysicalPath = "ab-MultiAttributeColor\"
		Release.AspNetCompiler.TargetPath = "PrecompiledWeb\localhost_31929\"
		Release.AspNetCompiler.Updateable = "true"
		Release.AspNetCompiler.ForceOverwrite = "true"
		Release.AspNetCompiler.FixedNames = "false"
		Release.AspNetCompiler.Debug = "False"
		VWDPort = "31929"
		SlnRelativePath = "ab-MultiAttributeColor\"
		DefaultWebSiteLanguage = "Visual C#"
	EndProjectSection
EndProject
Global
	GlobalSection(SolutionConfigurationPlatforms) = preSolution
		Debug|Any CPU = Debug|Any CPU
	EndGlobalSection
	GlobalSection(ProjectConfigurationPlatforms) = postSolution
		{C1E0CA19-AFC8-4203-B0FE-9507AB9A916D}.Debug|Any CPU.ActiveCfg = Debug|Any CPU
		{C1E0CA19-AFC8-4203-B0FE-9507AB9A916D}.Debug|Any CPU.Build.0 = Debug|Any CPU
	EndGlobalSection
	GlobalSection(SolutionProperties) = preSolution
		HideSolutionNode = FALSE
	EndGlobalSection
	GlobalSection(ExtensibilityGlobals) = postSolution
		SolutionGuid = {D9A5ACEB-B79A-4789-B026-D0F1225EC32B}
	EndGlobalSection
EndGlobal
